
Microsoft Visual Studio Solution File, Format Version 12.00
# Visual Studio Version 17
VisualStudioVersion = 17.9.34622.214
MinimumVisualStudioVersion = 10.0.40219.1
Project("{9A19103F-16F7-4668-BE54-9A1E7A4F7556}") = "FizzBuzz", "FizzBuzz\FizzBuzz.csproj", "{0BF8BA83-7F58-4B7D-9EEE-BA2839D792D5}"
EndProject
Project("{9A19103F-16F7-4668-BE54-9A1E7A4F7556}") = "KnapsackProblem", "Knapsack-Problem\KnapsackProblem.csproj", "{C8D9BD35-4793-4A24-AD8B-FAB66EAEF709}"
EndProject
Project("{9A19103F-16F7-4668-BE54-9A1E7A4F7556}") = "KnapsackTests", "KnapsackTests\KnapsackTests.csproj", "{931DD51D-864A-42C1-B161-50E66F2AF20D}"
EndProject
Project("{9A19103F-16F7-4668-BE54-9A1E7A4F7556}") = "KnapsackGui", "KnapsackGui\KnapsackGui.csproj", "{0888F6E3-9E26-492C-8903-9E85608C83FC}"
EndProject
Project("{9A19103F-16F7-4668-BE54-9A1E7A4F7556}") = "ZeldaApi", "ZeldaApi\ZeldaApi.csproj", "{749FE398-4D69-41FC-8311-F63020086347}"
EndProject
Project("{2150E333-8FDC-42A3-9474-1A3956D46DE8}") = "Threads", "Threads", "{C7BB3541-1055-486A-9FCA-33D95F646056}"
EndProject
Project("{9A19103F-16F7-4668-BE54-9A1E7A4F7556}") = "Threads", "Threads\Threads\Threads.csproj", "{22726BB4-7BFD-4358-B7F9-B5A505E94C45}"
EndProject
Project("{2150E333-8FDC-42A3-9474-1A3956D46DE8}") = "Knapsacks", "Knapsacks", "{FAE4C208-9ED7-4C8F-BC38-A412E659E7F0}"
EndProject
Project("{FAE04EC0-301F-11D3-BF4B-00C04F79EFBC}") = "ThreadsGui", "Threads\ThreadsGui\ThreadsGui.csproj", "{13300149-7DEF-499E-A941-8A4738378598}"
EndProject
Global
	GlobalSection(SolutionConfigurationPlatforms) = preSolution
		Debug|Any CPU = Debug|Any CPU
		Release|Any CPU = Release|Any CPU
	EndGlobalSection
	GlobalSection(ProjectConfigurationPlatforms) = postSolution
		{0BF8BA83-7F58-4B7D-9EEE-BA2839D792D5}.Debug|Any CPU.ActiveCfg = Debug|Any CPU
		{0BF8BA83-7F58-4B7D-9EEE-BA2839D792D5}.Debug|Any CPU.Build.0 = Debug|Any CPU
		{0BF8BA83-7F58-4B7D-9EEE-BA2839D792D5}.Release|Any CPU.ActiveCfg = Release|Any CPU
		{0BF8BA83-7F58-4B7D-9EEE-BA2839D792D5}.Release|Any CPU.Build.0 = Release|Any CPU
		{C8D9BD35-4793-4A24-AD8B-FAB66EAEF709}.Debug|Any CPU.ActiveCfg = Debug|Any CPU
		{C8D9BD35-4793-4A24-AD8B-FAB66EAEF709}.Debug|Any CPU.Build.0 = Debug|Any CPU
		{C8D9BD35-4793-4A24-AD8B-FAB66EAEF709}.Release|Any CPU.ActiveCfg = Release|Any CPU
		{C8D9BD35-4793-4A24-AD8B-FAB66EAEF709}.Release|Any CPU.Build.0 = Release|Any CPU
		{931DD51D-864A-42C1-B161-50E66F2AF20D}.Debug|Any CPU.ActiveCfg = Debug|Any CPU
		{931DD51D-864A-42C1-B161-50E66F2AF20D}.Debug|Any CPU.Build.0 = Debug|Any CPU
		{931DD51D-864A-42C1-B161-50E66F2AF20D}.Release|Any CPU.ActiveCfg = Release|Any CPU
		{931DD51D-864A-42C1-B161-50E66F2AF20D}.Release|Any CPU.Build.0 = Release|Any CPU
		{0888F6E3-9E26-492C-8903-9E85608C83FC}.Debug|Any CPU.ActiveCfg = Debug|Any CPU
		{0888F6E3-9E26-492C-8903-9E85608C83FC}.Debug|Any CPU.Build.0 = Debug|Any CPU
		{0888F6E3-9E26-492C-8903-9E85608C83FC}.Release|Any CPU.ActiveCfg = Release|Any CPU
		{0888F6E3-9E26-492C-8903-9E85608C83FC}.Release|Any CPU.Build.0 = Release|Any CPU
		{749FE398-4D69-41FC-8311-F63020086347}.Debug|Any CPU.ActiveCfg = Debug|Any CPU
		{749FE398-4D69-41FC-8311-F63020086347}.Debug|Any CPU.Build.0 = Debug|Any CPU
		{749FE398-4D69-41FC-8311-F63020086347}.Release|Any CPU.ActiveCfg = Release|Any CPU
		{749FE398-4D69-41FC-8311-F63020086347}.Release|Any CPU.Build.0 = Release|Any CPU
		{22726BB4-7BFD-4358-B7F9-B5A505E94C45}.Debug|Any CPU.ActiveCfg = Debug|Any CPU
		{22726BB4-7BFD-4358-B7F9-B5A505E94C45}.Debug|Any CPU.Build.0 = Debug|Any CPU
		{22726BB4-7BFD-4358-B7F9-B5A505E94C45}.Release|Any CPU.ActiveCfg = Release|Any CPU
		{22726BB4-7BFD-4358-B7F9-B5A505E94C45}.Release|Any CPU.Build.0 = Release|Any CPU
		{13300149-7DEF-499E-A941-8A4738378598}.Debug|Any CPU.ActiveCfg = Debug|Any CPU
		{13300149-7DEF-499E-A941-8A4738378598}.Debug|Any CPU.Build.0 = Debug|Any CPU
		{13300149-7DEF-499E-A941-8A4738378598}.Release|Any CPU.ActiveCfg = Release|Any CPU
		{13300149-7DEF-499E-A941-8A4738378598}.Release|Any CPU.Build.0 = Release|Any CPU
	EndGlobalSection
	GlobalSection(SolutionProperties) = preSolution
		HideSolutionNode = FALSE
	EndGlobalSection
	GlobalSection(NestedProjects) = preSolution
		{C8D9BD35-4793-4A24-AD8B-FAB66EAEF709} = {FAE4C208-9ED7-4C8F-BC38-A412E659E7F0}
		{931DD51D-864A-42C1-B161-50E66F2AF20D} = {FAE4C208-9ED7-4C8F-BC38-A412E659E7F0}
		{0888F6E3-9E26-492C-8903-9E85608C83FC} = {FAE4C208-9ED7-4C8F-BC38-A412E659E7F0}
		{22726BB4-7BFD-4358-B7F9-B5A505E94C45} = {C7BB3541-1055-486A-9FCA-33D95F646056}
		{13300149-7DEF-499E-A941-8A4738378598} = {C7BB3541-1055-486A-9FCA-33D95F646056}
	EndGlobalSection
	GlobalSection(ExtensibilityGlobals) = postSolution
		SolutionGuid = {FC00CD8F-45C0-472E-B165-BBFB1111CE85}
	EndGlobalSection
EndGlobal
